
Microsoft Visual Studio Solution File, Format Version 12.00
# Visual Studio Version 17
VisualStudioVersion = 17.14.36127.28 d17.14
MinimumVisualStudioVersion = 10.0.40219.1
Project("{FAE04EC0-301F-11D3-BF4B-00C04F79EFBC}") = "packet-monitoring", "packet-monitoring.csproj", "{8032A4E8-BC5F-4EC5-9BCC-BEFC18FD88DB}"
EndProject
Global
	GlobalSection(SolutionConfigurationPlatforms) = preSolution
		Debug|Any CPU = Debug|Any CPU
		Release|Any CPU = Release|Any CPU
	EndGlobalSection
	GlobalSection(ProjectConfigurationPlatforms) = postSolution
		{8032A4E8-BC5F-4EC5-9BCC-BEFC18FD88DB}.Debug|Any CPU.ActiveCfg = Debug|Any CPU
		{8032A4E8-BC5F-4EC5-9BCC-BEFC18FD88DB}.Debug|Any CPU.Build.0 = Debug|Any CPU
		{8032A4E8-BC5F-4EC5-9BCC-BEFC18FD88DB}.Release|Any CPU.ActiveCfg = Release|Any CPU
		{8032A4E8-BC5F-4EC5-9BCC-BEFC18FD88DB}.Release|Any CPU.Build.0 = Release|Any CPU
	EndGlobalSection
	GlobalSection(SolutionProperties) = preSolution
		HideSolutionNode = FALSE
	EndGlobalSection
	GlobalSection(ExtensibilityGlobals) = postSolution
		SolutionGuid = {4942BB33-BE64-42C8-A9E7-97D5D51F07F4}
	EndGlobalSection
EndGlobal
